
Microsoft Visual Studio Solution File, Format Version 12.00
# Visual Studio 15
VisualStudioVersion = 15.0.27004.2009
MinimumVisualStudioVersion = 10.0.40219.1
Project("{FAE04EC0-301F-11D3-BF4B-00C04F79EFBC}") = "Transmission.Api", "src\TransmissionApi.csproj", "{921BCF23-249E-4AE6-AD6F-EFBFAB60116D}"
EndProject
Global
	GlobalSection(SolutionConfigurationPlatforms) = preSolution
		Debug|Any CPU = Debug|Any CPU
		Release|Any CPU = Release|Any CPU
	EndGlobalSection
	GlobalSection(ProjectConfigurationPlatforms) = postSolution
		{921BCF23-249E-4AE6-AD6F-EFBFAB60116D}.Debug|Any CPU.ActiveCfg = Debug|Any CPU
		{921BCF23-249E-4AE6-AD6F-EFBFAB60116D}.Debug|Any CPU.Build.0 = Debug|Any CPU
		{921BCF23-249E-4AE6-AD6F-EFBFAB60116D}.Release|Any CPU.ActiveCfg = Release|Any CPU
		{921BCF23-249E-4AE6-AD6F-EFBFAB60116D}.Release|Any CPU.Build.0 = Release|Any CPU
	EndGlobalSection
	GlobalSection(SolutionProperties) = preSolution
		HideSolutionNode = FALSE
	EndGlobalSection
	GlobalSection(ExtensibilityGlobals) = postSolution
		SolutionGuid = {840C915E-253A-45D3-BEB5-616FB1A346ED}
	EndGlobalSection
EndGlobal
